dependencies:
- name: messaging
  repository: https://raw.githubusercontent.com/ibm-cloud-architecture/stocktrader-helm-repo/master/docs/charts
  version: 1.0.0
- name: notification-slack
  repository: https://raw.githubusercontent.com/ibm-cloud-architecture/stocktrader-helm-repo/master/docs/charts
  version: 1.0.0
- name: notification-twitter
  repository: https://raw.githubusercontent.com/ibm-cloud-architecture/stocktrader-helm-repo/master/docs/charts
  version: 1.0.0
- name: portfolio
  repository: https://raw.githubusercontent.com/ibm-cloud-architecture/stocktrader-helm-repo/master/docs/charts
  version: 2.0.0
- name: stock-quote
  repository: https://raw.githubusercontent.com/ibm-cloud-architecture/stocktrader-helm-repo/master/docs/charts
  version: 1.0.0
- name: trader
  repository: https://raw.githubusercontent.com/ibm-cloud-architecture/stocktrader-helm-repo/master/docs/charts
  version: 2.0.0
- name: tradr
  repository: https://raw.githubusercontent.com/ibm-cloud-architecture/stocktrader-helm-repo/master/docs/charts
  version: 1.0.0
digest: sha256:733798053f3c30bbd4fa0fb282e3950f7e4cde47b4a9056cf3621e7f6e860a07
generated: 2018-09-06T10:35:25.965258+02:00
